// !$*UTF8*$!
{
	archiveVersion = 1;
	classes = {
	};
	objectVersion = 50;
	objects = {

/* Begin PBXBuildFile section */
		280955F0222BBB5300A94B3B /* NumbersViewController.swift in Sources */ = {isa = PBXBuildFile; fileRef = 280955EF222BBB5300A94B3B /* NumbersViewController.swift */; };
		289AA7CA223523F200F50040 /* AfterTransformationViewController.swift in Sources */ = {isa = PBXBuildFile; fileRef = 289AA7C9223523F200F50040 /* AfterTransformationViewController.swift */; };
		289AA7CC2236680E00F50040 /* MinionPro-BoldCapt.otf in Resources */ = {isa = PBXBuildFile; fileRef = 289AA7CB2236680D00F50040 /* MinionPro-BoldCapt.otf */; };
		28B37C9C2243A12E007D7928 /* StarredTableViewController.swift in Sources */ = {isa = PBXBuildFile; fileRef = 28B37C9B2243A12D007D7928 /* StarredTableViewController.swift */; };
		28C2B07F22282D3600C80ADF /* MEIRYO.TTC in Resources */ = {isa = PBXBuildFile; fileRef = 28C2B07E22282D2F00C80ADF /* MEIRYO.TTC */; };
		28C2B08122282D5E00C80ADF /* GothamPro.ttf in Resources */ = {isa = PBXBuildFile; fileRef = 28C2B08022282D5E00C80ADF /* GothamPro.ttf */; };
		28C2B08322282D6F00C80ADF /* GothamPro-Medium.ttf in Resources */ = {isa = PBXBuildFile; fileRef = 28C2B08222282D6F00C80ADF /* GothamPro-Medium.ttf */; };
		28C2B08522283B1C00C80ADF /* hc-poo5.ttf in Resources */ = {isa = PBXBuildFile; fileRef = 28C2B08422283B1C00C80ADF /* hc-poo5.ttf */; };
		28C2B0872229331A00C80ADF /* BarViewController.swift in Sources */ = {isa = PBXBuildFile; fileRef = 28C2B0862229331A00C80ADF /* BarViewController.swift */; };
		28C2B089222975D500C80ADF /* PageViewController.swift in Sources */ = {isa = PBXBuildFile; fileRef = 28C2B088222975D500C80ADF /* PageViewController.swift */; };
		28C2B08B222998E700C80ADF /* HiraganaViewController.swift in Sources */ = {isa = PBXBuildFile; fileRef = 28C2B08A222998E700C80ADF /* HiraganaViewController.swift */; };
		28C2B08D222998F900C80ADF /* KatakanaViewController.swift in Sources */ = {isa = PBXBuildFile; fileRef = 28C2B08C222998F900C80ADF /* KatakanaViewController.swift */; };
		28C2B090222A9C0F00C80ADF /* TextViewController.swift in Sources */ = {isa = PBXBuildFile; fileRef = 28C2B08F222A9C0F00C80ADF /* TextViewController.swift */; };
		28C2B092222A9C1F00C80ADF /* StarredViewController.swift in Sources */ = {isa = PBXBuildFile; fileRef = 28C2B091222A9C1F00C80ADF /* StarredViewController.swift */; };
		28C2B094222AA2B700C80ADF /* UIKanaNavigationController.swift in Sources */ = {isa = PBXBuildFile; fileRef = 28C2B093222AA2B700C80ADF /* UIKanaNavigationController.swift */; };
		28CA18112228129100DF0A63 /* AppDelegate.swift in Sources */ = {isa = PBXBuildFile; fileRef = 28CA18102228129100DF0A63 /* AppDelegate.swift */; };
		28CA18132228129100DF0A63 /* ViewController.swift in Sources */ = {isa = PBXBuildFile; fileRef = 28CA18122228129100DF0A63 /* ViewController.swift */; };
		28CA18162228129100DF0A63 /* Main.storyboard in Resources */ = {isa = PBXBuildFile; fileRef = 28CA18142228129100DF0A63 /* Main.storyboard */; };
		28CA18192228129100DF0A63 /* Kanafication.xcdatamodeld in Sources */ = {isa = PBXBuildFile; fileRef = 28CA18172228129100DF0A63 /* Kanafication.xcdatamodeld */; };
		28CA181B2228129400DF0A63 /* Assets.xcassets in Resources */ = {isa = PBXBuildFile; fileRef = 28CA181A2228129400DF0A63 /* Assets.xcassets */; };
		28CA181E2228129400DF0A63 /* LaunchScreen.storyboard in Resources */ = {isa = PBXBuildFile; fileRef = 28CA181C2228129400DF0A63 /* LaunchScreen.storyboard */; };
		28E274A22236B0BC00241866 /* Alphabet.swift in Sources */ = {isa = PBXBuildFile; fileRef = 28E274A12236B0BC00241866 /* Alphabet.swift */; };
		B49973612246A544003A9D60 /* Alphabets.swift in Sources */ = {isa = PBXBuildFile; fileRef = B49973602246A544003A9D60 /* Alphabets.swift */; };
		B49973652246A60B003A9D60 /* UIKitExtensions.swift in Sources */ = {isa = PBXBuildFile; fileRef = B49973642246A60B003A9D60 /* UIKitExtensions.swift */; };
/* End PBXBuildFile section */

/* Begin PBXFileReference section */
		280955EF222BBB5300A94B3B /* NumbersViewController.swift */ = {isa = PBXFileReference; lastKnownFileType = sourcecode.swift; path = NumbersViewController.swift; sourceTree = "<group>"; };
		289AA7C9223523F200F50040 /* AfterTransformationViewController.swift */ = {isa = PBXFileReference; lastKnownFileType = sourcecode.swift; path = AfterTransformationViewController.swift; sourceTree = "<group>"; };
		289AA7CB2236680D00F50040 /* MinionPro-BoldCapt.otf */ = {isa = PBXFileReference; lastKnownFileType = file; path = "MinionPro-BoldCapt.otf"; sourceTree = "<group>"; };
		28B37C9B2243A12D007D7928 /* StarredTableViewController.swift */ = {isa = PBXFileReference; lastKnownFileType = sourcecode.swift; path = StarredTableViewController.swift; sourceTree = "<group>"; };
		28C2B07E22282D2F00C80ADF /* MEIRYO.TTC */ = {isa = PBXFileReference; lastKnownFileType = file; path = MEIRYO.TTC; sourceTree = "<group>"; };
		28C2B08022282D5E00C80ADF /* GothamPro.ttf */ = {isa = PBXFileReference; lastKnownFileType = file; path = GothamPro.ttf; sourceTree = "<group>"; };
		28C2B08222282D6F00C80ADF /* GothamPro-Medium.ttf */ = {isa = PBXFileReference; lastKnownFileType = file; path = "GothamPro-Medium.ttf"; sourceTree = "<group>"; };
		28C2B08422283B1C00C80ADF /* hc-poo5.ttf */ = {isa = PBXFileReference; lastKnownFileType = file; path = "hc-poo5.ttf"; sourceTree = "<group>"; };
		28C2B0862229331A00C80ADF /* BarViewController.swift */ = {isa = PBXFileReference; lastKnownFileType = sourcecode.swift; path = BarViewController.swift; sourceTree = "<group>"; };
		28C2B088222975D500C80ADF /* PageViewController.swift */ = {isa = PBXFileReference; lastKnownFileType = sourcecode.swift; path = PageViewController.swift; sourceTree = "<group>"; };
		28C2B08A222998E700C80ADF /* HiraganaViewController.swift */ = {isa = PBXFileReference; lastKnownFileType = sourcecode.swift; path = HiraganaViewController.swift; sourceTree = "<group>"; };
		28C2B08C222998F900C80ADF /* KatakanaViewController.swift */ = {isa = PBXFileReference; lastKnownFileType = sourcecode.swift; path = KatakanaViewController.swift; sourceTree = "<group>"; };
		28C2B08F222A9C0F00C80ADF /* TextViewController.swift */ = {isa = PBXFileReference; lastKnownFileType = sourcecode.swift; path = TextViewController.swift; sourceTree = "<group>"; };
		28C2B091222A9C1F00C80ADF /* StarredViewController.swift */ = {isa = PBXFileReference; lastKnownFileType = sourcecode.swift; path = StarredViewController.swift; sourceTree = "<group>"; };
		28C2B093222AA2B700C80ADF /* UIKanaNavigationController.swift */ = {isa = PBXFileReference; lastKnownFileType = sourcecode.swift; path = UIKanaNavigationController.swift; sourceTree = "<group>"; };
		28CA180D2228129100DF0A63 /* Kanafication.app */ = {isa = PBXFileReference; explicitFileType = wrapper.application; includeInIndex = 0; path = Kanafication.app; sourceTree = BUILT_PRODUCTS_DIR; };
		28CA18102228129100DF0A63 /* AppDelegate.swift */ = {isa = PBXFileReference; lastKnownFileType = sourcecode.swift; path = AppDelegate.swift; sourceTree = "<group>"; };
		28CA18122228129100DF0A63 /* ViewController.swift */ = {isa = PBXFileReference; lastKnownFileType = sourcecode.swift; path = ViewController.swift; sourceTree = "<group>"; };
		28CA18152228129100DF0A63 /* Base */ = {isa = PBXFileReference; lastKnownFileType = file.storyboard; name = Base; path = Base.lproj/Main.storyboard; sourceTree = "<group>"; };
		28CA18182228129100DF0A63 /* Kanafication.xcdatamodel */ = {isa = PBXFileReference; lastKnownFileType = wrapper.xcdatamodel; path = Kanafication.xcdatamodel; sourceTree = "<group>"; };
		28CA181A2228129400DF0A63 /* Assets.xcassets */ = {isa = PBXFileReference; lastKnownFileType = folder.assetcatalog; path = Assets.xcassets; sourceTree = "<group>"; };
		28CA181D2228129400DF0A63 /* Base */ = {isa = PBXFileReference; lastKnownFileType = file.storyboard; name = Base; path = Base.lproj/LaunchScreen.storyboard; sourceTree = "<group>"; };
		28CA181F2228129400DF0A63 /* Info.plist */ = {isa = PBXFileReference; lastKnownFileType = text.plist.xml; path = Info.plist; sourceTree = "<group>"; };
		28E274A12236B0BC00241866 /* Alphabet.swift */ = {isa = PBXFileReference; lastKnownFileType = sourcecode.swift; path = Alphabet.swift; sourceTree = "<group>"; };
		B49973602246A544003A9D60 /* Alphabets.swift */ = {isa = PBXFileReference; lastKnownFileType = sourcecode.swift; path = Alphabets.swift; sourceTree = "<group>"; };
		B49973642246A60B003A9D60 /* UIKitExtensions.swift */ = {isa = PBXFileReference; lastKnownFileType = sourcecode.swift; path = UIKitExtensions.swift; sourceTree = "<group>"; };
/* End PBXFileReference section */

/* Begin PBXFrameworksBuildPhase section */
		28CA180A2228129100DF0A63 /* Frameworks */ = {
			isa = PBXFrameworksBuildPhase;
			buildActionMask = 2147483647;
			files = (
			);
			runOnlyForDeploymentPostprocessing = 0;
		};
/* End PBXFrameworksBuildPhase section */

/* Begin PBXGroup section */
		28C2B07D22282CDB00C80ADF /* Fonts */ = {
			isa = PBXGroup;
			children = (
				28C2B07E22282D2F00C80ADF /* MEIRYO.TTC */,
				28C2B08022282D5E00C80ADF /* GothamPro.ttf */,
				28C2B08222282D6F00C80ADF /* GothamPro-Medium.ttf */,
				28C2B08422283B1C00C80ADF /* hc-poo5.ttf */,
				289AA7CB2236680D00F50040 /* MinionPro-BoldCapt.otf */,
			);
			path = Fonts;
			sourceTree = "<group>";
		};
		28CA18042228129100DF0A63 = {
			isa = PBXGroup;
			children = (
				28CA180F2228129100DF0A63 /* Kanafication */,
				28CA180E2228129100DF0A63 /* Products */,
			);
			sourceTree = "<group>";
		};
		28CA180E2228129100DF0A63 /* Products */ = {
			isa = PBXGroup;
			children = (
				28CA180D2228129100DF0A63 /* Kanafication.app */,
			);
			name = Products;
			sourceTree = "<group>";
		};
		28CA180F2228129100DF0A63 /* Kanafication */ = {
			isa = PBXGroup;
			children = (
				28CA18102228129100DF0A63 /* AppDelegate.swift */,
				B499735B2246A44F003A9D60 /* UI */,
				B49973622246A5DD003A9D60 /* Extensions */,
				B499735A2246A2DE003A9D60 /* Data */,
				B49973592246A2C9003A9D60 /* Resources */,
			);
			path = Kanafication;
			sourceTree = "<group>";
		};
		B49973592246A2C9003A9D60 /* Resources */ = {
			isa = PBXGroup;
			children = (
				28C2B07D22282CDB00C80ADF /* Fonts */,
				28CA181A2228129400DF0A63 /* Assets.xcassets */,
				28CA181C2228129400DF0A63 /* LaunchScreen.storyboard */,
				28CA181F2228129400DF0A63 /* Info.plist */,
			);
			name = Resources;
			sourceTree = "<group>";
		};
		B499735A2246A2DE003A9D60 /* Data */ = {
			isa = PBXGroup;
			children = (
				28E274A12236B0BC00241866 /* Alphabet.swift */,
				B49973602246A544003A9D60 /* Alphabets.swift */,
				B499735F2246A48D003A9D60 /* CoreData */,
			);
			path = Data;
			sourceTree = "<group>";
		};
		B499735B2246A44F003A9D60 /* UI */ = {
			isa = PBXGroup;
			children = (
				B499735E2246A478003A9D60 /* Storyboards */,
				B499735D2246A469003A9D60 /* Controllers */,
				B49973632246A5EA003A9D60 /* Views */,
			);
			path = UI;
			sourceTree = "<group>";
		};
		B499735D2246A469003A9D60 /* Controllers */ = {
			isa = PBXGroup;
			children = (
				28CA18122228129100DF0A63 /* ViewController.swift */,
				28C2B0862229331A00C80ADF /* BarViewController.swift */,
				28C2B08F222A9C0F00C80ADF /* TextViewController.swift */,
				289AA7C9223523F200F50040 /* AfterTransformationViewController.swift */,
				28B37C9B2243A12D007D7928 /* StarredTableViewController.swift */,
				28C2B091222A9C1F00C80ADF /* StarredViewController.swift */,
				28C2B088222975D500C80ADF /* PageViewController.swift */,
				28C2B08A222998E700C80ADF /* HiraganaViewController.swift */,
				28C2B08C222998F900C80ADF /* KatakanaViewController.swift */,
				28C2B093222AA2B700C80ADF /* UIKanaNavigationController.swift */,
				280955EF222BBB5300A94B3B /* NumbersViewController.swift */,
			);
			path = Controllers;
			sourceTree = "<group>";
		};
		B499735E2246A478003A9D60 /* Storyboards */ = {
			isa = PBXGroup;
			children = (
				28CA18142228129100DF0A63 /* Main.storyboard */,
			);
			name = Storyboards;
			sourceTree = "<group>";
		};
		B499735F2246A48D003A9D60 /* CoreData */ = {
			isa = PBXGroup;
			children = (
				28CA18172228129100DF0A63 /* Kanafication.xcdatamodeld */,
			);
			path = CoreData;
			sourceTree = "<group>";
		};
		B49973622246A5DD003A9D60 /* Extensions */ = {
			isa = PBXGroup;
			children = (
				B49973642246A60B003A9D60 /* UIKitExtensions.swift */,
			);
			path = Extensions;
			sourceTree = "<group>";
		};
		B49973632246A5EA003A9D60 /* Views */ = {
			isa = PBXGroup;
			children = (
			);
			path = Views;
			sourceTree = "<group>";
		};
/* End PBXGroup section */

/* Begin PBXNativeTarget section */
		28CA180C2228129100DF0A63 /* Kanafication */ = {
			isa = PBXNativeTarget;
			buildConfigurationList = 28CA18222228129400DF0A63 /* Build configuration list for PBXNativeTarget "Kanafication" */;
			buildPhases = (
				28CA18092228129100DF0A63 /* Sources */,
				28CA180A2228129100DF0A63 /* Frameworks */,
				28CA180B2228129100DF0A63 /* Resources */,
			);
			buildRules = (
			);
			dependencies = (
			);
			name = Kanafication;
			productName = Kanafication;
			productReference = 28CA180D2228129100DF0A63 /* Kanafication.app */;
			productType = "com.apple.product-type.application";
		};
/* End PBXNativeTarget section */

/* Begin PBXProject section */
		28CA18052228129100DF0A63 /* Project object */ = {
			isa = PBXProject;
			attributes = {
				LastSwiftUpdateCheck = 1010;
				LastUpgradeCheck = 1010;
				ORGANIZATIONNAME = "Ihor Mokrytskyi";
				TargetAttributes = {
					28CA180C2228129100DF0A63 = {
						CreatedOnToolsVersion = 10.1;
					};
				};
			};
			buildConfigurationList = 28CA18082228129100DF0A63 /* Build configuration list for PBXProject "Kanafication" */;
			compatibilityVersion = "Xcode 9.3";
			developmentRegion = en;
			hasScannedForEncodings = 0;
			knownRegions = (
				en,
				Base,
			);
			mainGroup = 28CA18042228129100DF0A63;
			productRefGroup = 28CA180E2228129100DF0A63 /* Products */;
			projectDirPath = "";
			projectRoot = "";
			targets = (
				28CA180C2228129100DF0A63 /* Kanafication */,
			);
		};
/* End PBXProject section */

/* Begin PBXResourcesBuildPhase section */
		28CA180B2228129100DF0A63 /* Resources */ = {
			isa = PBXResourcesBuildPhase;
			buildActionMask = 2147483647;
			files = (
				28C2B07F22282D3600C80ADF /* MEIRYO.TTC in Resources */,
				28C2B08322282D6F00C80ADF /* GothamPro-Medium.ttf in Resources */,
				28CA181E2228129400DF0A63 /* LaunchScreen.storyboard in Resources */,
				28CA181B2228129400DF0A63 /* Assets.xcassets in Resources */,
				28C2B08122282D5E00C80ADF /* GothamPro.ttf in Resources */,
				28CA18162228129100DF0A63 /* Main.storyboard in Resources */,
				289AA7CC2236680E00F50040 /* MinionPro-BoldCapt.otf in Resources */,
				28C2B08522283B1C00C80ADF /* hc-poo5.ttf in Resources */,
			);
			runOnlyForDeploymentPostprocessing = 0;
		};
/* End PBXResourcesBuildPhase section */

/* Begin PBXSourcesBuildPhase section */
		28CA18092228129100DF0A63 /* Sources */ = {
			isa = PBXSourcesBuildPhase;
			buildActionMask = 2147483647;
			files = (
				28E274A22236B0BC00241866 /* Alphabet.swift in Sources */,
				28CA18132228129100DF0A63 /* ViewController.swift in Sources */,
				28CA18112228129100DF0A63 /* AppDelegate.swift in Sources */,
				28C2B0872229331A00C80ADF /* BarViewController.swift in Sources */,
				28B37C9C2243A12E007D7928 /* StarredTableViewController.swift in Sources */,
				28C2B092222A9C1F00C80ADF /* StarredViewController.swift in Sources */,
				B49973652246A60B003A9D60 /* UIKitExtensions.swift in Sources */,
				28C2B08B222998E700C80ADF /* HiraganaViewController.swift in Sources */,
				28C2B089222975D500C80ADF /* PageViewController.swift in Sources */,
				28CA18192228129100DF0A63 /* Kanafication.xcdatamodeld in Sources */,
				28C2B08D222998F900C80ADF /* KatakanaViewController.swift in Sources */,
				B49973612246A544003A9D60 /* Alphabets.swift in Sources */,
				28C2B094222AA2B700C80ADF /* UIKanaNavigationController.swift in Sources */,
				28C2B090222A9C0F00C80ADF /* TextViewController.swift in Sources */,
				289AA7CA223523F200F50040 /* AfterTransformationViewController.swift in Sources */,
				280955F0222BBB5300A94B3B /* NumbersViewController.swift in Sources */,
			);
			runOnlyForDeploymentPostprocessing = 0;
		};
/* End PBXSourcesBuildPhase section */

/* Begin PBXVariantGroup section */
		28CA18142228129100DF0A63 /* Main.storyboard */ = {
			isa = PBXVariantGroup;
			children = (
				28CA18152228129100DF0A63 /* Base */,
			);
			name = Main.storyboard;
			sourceTree = "<group>";
		};
		28CA181C2228129400DF0A63 /* LaunchScreen.storyboard */ = {
			isa = PBXVariantGroup;
			children = (
				28CA181D2228129400DF0A63 /* Base */,
			);
			name = LaunchScreen.storyboard;
			sourceTree = "<group>";
		};
/* End PBXVariantGroup section */

/* Begin XCBuildConfiguration section */
		28CA18202228129400DF0A63 /* Debug */ = {
			isa = XCBuildConfiguration;
			buildSettings = {
				ALWAYS_SEARCH_USER_PATHS = NO;
				CLANG_ANALYZER_NONNULL = YES;
				CLANG_ANALYZER_NUMBER_OBJECT_CONVERSION = YES_AGGRESSIVE;
				CLANG_CXX_LANGUAGE_STANDARD = "gnu++14";
				CLANG_CXX_LIBRARY = "libc++";
				CLANG_ENABLE_MODULES = YES;
				CLANG_ENABLE_OBJC_ARC = YES;
				CLANG_ENABLE_OBJC_WEAK = YES;
				CLANG_WARN_BLOCK_CAPTURE_AUTORELEASING = YES;
				CLANG_WARN_BOOL_CONVERSION = YES;
				CLANG_WARN_COMMA = YES;
				CLANG_WARN_CONSTANT_CONVERSION = YES;
				CLANG_WARN_DEPRECATED_OBJC_IMPLEMENTATIONS = YES;
				CLANG_WARN_DIRECT_OBJC_ISA_USAGE = YES_ERROR;
				CLANG_WARN_DOCUMENTATION_COMMENTS = YES;
				CLANG_WARN_EMPTY_BODY = YES;
				CLANG_WARN_ENUM_CONVERSION = YES;
				CLANG_WARN_INFINITE_RECURSION = YES;
				CLANG_WARN_INT_CONVERSION = YES;
				CLANG_WARN_NON_LITERAL_NULL_CONVERSION = YES;
				CLANG_WARN_OBJC_IMPLICIT_RETAIN_SELF = YES;
				CLANG_WARN_OBJC_LITERAL_CONVERSION = YES;
				CLANG_WARN_OBJC_ROOT_CLASS = YES_ERROR;
				CLANG_WARN_RANGE_LOOP_ANALYSIS = YES;
				CLANG_WARN_STRICT_PROTOTYPES = YES;
				CLANG_WARN_SUSPICIOUS_MOVE = YES;
				CLANG_WARN_UNGUARDED_AVAILABILITY = YES_AGGRESSIVE;
				CLANG_WARN_UNREACHABLE_CODE = YES;
				CLANG_WARN__DUPLICATE_METHOD_MATCH = YES;
				CODE_SIGN_IDENTITY = "iPhone Developer";
				COPY_PHASE_STRIP = NO;
				DEBUG_INFORMATION_FORMAT = dwarf;
				ENABLE_STRICT_OBJC_MSGSEND = YES;
				ENABLE_TESTABILITY = YES;
				GCC_C_LANGUAGE_STANDARD = gnu11;
				GCC_DYNAMIC_NO_PIC = NO;
				GCC_NO_COMMON_BLOCKS = YES;
				GCC_OPTIMIZATION_LEVEL = 0;
				GCC_PREPROCESSOR_DEFINITIONS = (
					"DEBUG=1",
					"$(inherited)",
				);
				GCC_WARN_64_TO_32_BIT_CONVERSION = YES;
				GCC_WARN_ABOUT_RETURN_TYPE = YES_ERROR;
				GCC_WARN_UNDECLARED_SELECTOR = YES;
				GCC_WARN_UNINITIALIZED_AUTOS = YES_AGGRESSIVE;
				GCC_WARN_UNUSED_FUNCTION = YES;
				GCC_WARN_UNUSED_VARIABLE = YES;
				IPHONEOS_DEPLOYMENT_TARGET = 12.1;
				MTL_ENABLE_DEBUG_INFO = INCLUDE_SOURCE;
				MTL_FAST_MATH = YES;
				ONLY_ACTIVE_ARCH = YES;
				SDKROOT = iphoneos;
				SWIFT_ACTIVE_COMPILATION_CONDITIONS = DEBUG;
				SWIFT_OPTIMIZATION_LEVEL = "-Onone";
			};
			name = Debug;
		};
		28CA18212228129400DF0A63 /* Release */ = {
			isa = XCBuildConfiguration;
			buildSettings = {
				ALWAYS_SEARCH_USER_PATHS = NO;
				CLANG_ANALYZER_NONNULL = YES;
				CLANG_ANALYZER_NUMBER_OBJECT_CONVERSION = YES_AGGRESSIVE;
				CLANG_CXX_LANGUAGE_STANDARD = "gnu++14";
				CLANG_CXX_LIBRARY = "libc++";
				CLANG_ENABLE_MODULES = YES;
				CLANG_ENABLE_OBJC_ARC = YES;
				CLANG_ENABLE_OBJC_WEAK = YES;
				CLANG_WARN_BLOCK_CAPTURE_AUTORELEASING = YES;
				CLANG_WARN_BOOL_CONVERSION = YES;
				CLANG_WARN_COMMA = YES;
				CLANG_WARN_CONSTANT_CONVERSION = YES;
				CLANG_WARN_DEPRECATED_OBJC_IMPLEMENTATIONS = YES;
				CLANG_WARN_DIRECT_OBJC_ISA_USAGE = YES_ERROR;
				CLANG_WARN_DOCUMENTATION_COMMENTS = YES;
				CLANG_WARN_EMPTY_BODY = YES;
				CLANG_WARN_ENUM_CONVERSION = YES;
				CLANG_WARN_INFINITE_RECURSION = YES;
				CLANG_WARN_INT_CONVERSION = YES;
				CLANG_WARN_NON_LITERAL_NULL_CONVERSION = YES;
				CLANG_WARN_OBJC_IMPLICIT_RETAIN_SELF = YES;
				CLANG_WARN_OBJC_LITERAL_CONVERSION = YES;
				CLANG_WARN_OBJC_ROOT_CLASS = YES_ERROR;
				CLANG_WARN_RANGE_LOOP_ANALYSIS = YES;
				CLANG_WARN_STRICT_PROTOTYPES = YES;
				CLANG_WARN_SUSPICIOUS_MOVE = YES;
				CLANG_WARN_UNGUARDED_AVAILABILITY = YES_AGGRESSIVE;
				CLANG_WARN_UNREACHABLE_CODE = YES;
				CLANG_WARN__DUPLICATE_METHOD_MATCH = YES;
				CODE_SIGN_IDENTITY = "iPhone Developer";
				COPY_PHASE_STRIP = NO;
				DEBUG_INFORMATION_FORMAT = "dwarf-with-dsym";
				ENABLE_NS_ASSERTIONS = NO;
				ENABLE_STRICT_OBJC_MSGSEND = YES;
				GCC_C_LANGUAGE_STANDARD = gnu11;
				GCC_NO_COMMON_BLOCKS = YES;
				GCC_WARN_64_TO_32_BIT_CONVERSION = YES;
				GCC_WARN_ABOUT_RETURN_TYPE = YES_ERROR;
				GCC_WARN_UNDECLARED_SELECTOR = YES;
				GCC_WARN_UNINITIALIZED_AUTOS = YES_AGGRESSIVE;
				GCC_WARN_UNUSED_FUNCTION = YES;
				GCC_WARN_UNUSED_VARIABLE = YES;
				IPHONEOS_DEPLOYMENT_TARGET = 12.1;
				MTL_ENABLE_DEBUG_INFO = NO;
				MTL_FAST_MATH = YES;
				SDKROOT = iphoneos;
				SWIFT_COMPILATION_MODE = wholemodule;
				SWIFT_OPTIMIZATION_LEVEL = "-O";
				VALIDATE_PRODUCT = YES;
			};
			name = Release;
		};
		28CA18232228129400DF0A63 /* Debug */ = {
			isa = XCBuildConfiguration;
			buildSettings = {
				ASSETCATALOG_COMPILER_APPICON_NAME = AppIcon;
				CODE_SIGN_STYLE = Automatic;
				DEVELOPMENT_TEAM = N728Z7FPM6;
				INFOPLIST_FILE = Kanafication/Info.plist;
				LD_RUNPATH_SEARCH_PATHS = (
					"$(inherited)",
					"@executable_path/Frameworks",
				);
				PRODUCT_BUNDLE_IDENTIFIER = ihormokrytskyi.Kanafication;
				PRODUCT_NAME = "$(TARGET_NAME)";
				SWIFT_VERSION = 4.2;
				TARGETED_DEVICE_FAMILY = "1,2";
			};
			name = Debug;
		};
		28CA18242228129400DF0A63 /* Release */ = {
			isa = XCBuildConfiguration;
			buildSettings = {
				ASSETCATALOG_COMPILER_APPICON_NAME = AppIcon;
				CODE_SIGN_STYLE = Automatic;
				DEVELOPMENT_TEAM = N728Z7FPM6;
				INFOPLIST_FILE = Kanafication/Info.plist;
				LD_RUNPATH_SEARCH_PATHS = (
					"$(inherited)",
					"@executable_path/Frameworks",
				);
				PRODUCT_BUNDLE_IDENTIFIER = ihormokrytskyi.Kanafication;
				PRODUCT_NAME = "$(TARGET_NAME)";
				SWIFT_VERSION = 4.2;
				TARGETED_DEVICE_FAMILY = "1,2";
			};
			name = Release;
		};
/* End XCBuildConfiguration section */

/* Begin XCConfigurationList section */
		28CA18082228129100DF0A63 /* Build configuration list for PBXProject "Kanafication" */ = {
			isa = XCConfigurationList;
			buildConfigurations = (
				28CA18202228129400DF0A63 /* Debug */,
				28CA18212228129400DF0A63 /* Release */,
			);
			defaultConfigurationIsVisible = 0;
			defaultConfigurationName = Release;
		};
		28CA18222228129400DF0A63 /* Build configuration list for PBXNativeTarget "Kanafication" */ = {
			isa = XCConfigurationList;
			buildConfigurations = (
				28CA18232228129400DF0A63 /* Debug */,
				28CA18242228129400DF0A63 /* Release */,
			);
			defaultConfigurationIsVisible = 0;
			defaultConfigurationName = Release;
		};
/* End XCConfigurationList section */

/* Begin XCVersionGroup section */
		28CA18172228129100DF0A63 /* Kanafication.xcdatamodeld */ = {
			isa = XCVersionGroup;
			children = (
				28CA18182228129100DF0A63 /* Kanafication.xcdatamodel */,
			);
			currentVersion = 28CA18182228129100DF0A63 /* Kanafication.xcdatamodel */;
			path = Kanafication.xcdatamodeld;
			sourceTree = "<group>";
			versionGroupType = wrapper.xcdatamodel;
		};
/* End XCVersionGroup section */
	};
	rootObject = 28CA18052228129100DF0A63 /* Project object */;
}
